
Microsoft Visual Studio Solution File, Format Version 12.00
# Visual Studio Version 16
VisualStudioVersion = 16.0.31911.196
MinimumVisualStudioVersion = 10.0.40219.1
Project("{9A19103F-16F7-4668-BE54-9A1E7A4F7556}") = "CrystalSoftware.ERP.Border", "CrystalSoftware.ERP.Border\CrystalSoftware.ERP.Border.csproj", "{CE86CEC6-C3CE-4E22-B0F8-4A4A7DE27FA4}"
EndProject
Project("{9A19103F-16F7-4668-BE54-9A1E7A4F7556}") = "CrystalSoftware.ERP.Api", "CrystalSoftware.ERP.Api\CrystalSoftware.ERP.Api.csproj", "{CD0CDFFE-1608-444B-B672-53A0BB932B28}"
EndProject
Project("{FAE04EC0-301F-11D3-BF4B-00C04F79EFBC}") = "CrystalSoftware.ERP.UseCases", "CrystalSoftware.ERP.UseCases\CrystalSoftware.ERP.UseCases.csproj", "{1FD327B5-35DA-4C60-9392-70BDA3517386}"
EndProject
Project("{FAE04EC0-301F-11D3-BF4B-00C04F79EFBC}") = "CrystalSoftware.ERP.Repositories", "CrystalSoftware.ERP.Repositories\CrystalSoftware.ERP.Repositories.csproj", "{4C89EE8C-00BB-431C-A905-D98B842EE79D}"
EndProject
Global
	GlobalSection(SolutionConfigurationPlatforms) = preSolution
		Debug|Any CPU = Debug|Any CPU
		Release|Any CPU = Release|Any CPU
	EndGlobalSection
	GlobalSection(ProjectConfigurationPlatforms) = postSolution
		{CE86CEC6-C3CE-4E22-B0F8-4A4A7DE27FA4}.Debug|Any CPU.ActiveCfg = Debug|Any CPU
		{CE86CEC6-C3CE-4E22-B0F8-4A4A7DE27FA4}.Debug|Any CPU.Build.0 = Debug|Any CPU
		{CE86CEC6-C3CE-4E22-B0F8-4A4A7DE27FA4}.Release|Any CPU.ActiveCfg = Release|Any CPU
		{CE86CEC6-C3CE-4E22-B0F8-4A4A7DE27FA4}.Release|Any CPU.Build.0 = Release|Any CPU
		{CD0CDFFE-1608-444B-B672-53A0BB932B28}.Debug|Any CPU.ActiveCfg = Debug|Any CPU
		{CD0CDFFE-1608-444B-B672-53A0BB932B28}.Debug|Any CPU.Build.0 = Debug|Any CPU
		{CD0CDFFE-1608-444B-B672-53A0BB932B28}.Release|Any CPU.ActiveCfg = Release|Any CPU
		{CD0CDFFE-1608-444B-B672-53A0BB932B28}.Release|Any CPU.Build.0 = Release|Any CPU
		{1FD327B5-35DA-4C60-9392-70BDA3517386}.Debug|Any CPU.ActiveCfg = Debug|Any CPU
		{1FD327B5-35DA-4C60-9392-70BDA3517386}.Debug|Any CPU.Build.0 = Debug|Any CPU
		{1FD327B5-35DA-4C60-9392-70BDA3517386}.Release|Any CPU.ActiveCfg = Release|Any CPU
		{1FD327B5-35DA-4C60-9392-70BDA3517386}.Release|Any CPU.Build.0 = Release|Any CPU
		{4C89EE8C-00BB-431C-A905-D98B842EE79D}.Debug|Any CPU.ActiveCfg = Debug|Any CPU
		{4C89EE8C-00BB-431C-A905-D98B842EE79D}.Debug|Any CPU.Build.0 = Debug|Any CPU
		{4C89EE8C-00BB-431C-A905-D98B842EE79D}.Release|Any CPU.ActiveCfg = Release|Any CPU
		{4C89EE8C-00BB-431C-A905-D98B842EE79D}.Release|Any CPU.Build.0 = Release|Any CPU
	EndGlobalSection
	GlobalSection(SolutionProperties) = preSolution
		HideSolutionNode = FALSE
	EndGlobalSection
	GlobalSection(ExtensibilityGlobals) = postSolution
		SolutionGuid = {0371A382-9813-4D90-9B4A-C474573B7002}
	EndGlobalSection
EndGlobal
